
Microsoft Visual Studio Solution File, Format Version 12.00
# Visual Studio Version 16
VisualStudioVersion = 16.0.31410.357
MinimumVisualStudioVersion = 10.0.40219.1
Project("{FAE04EC0-301F-11D3-BF4B-00C04F79EFBC}") = "SalesIntegrator", "SalesIntegrator\SalesIntegrator.csproj", "{4EFE52EB-0C7C-4662-ACD8-4C610C08EA14}"
EndProject
Project("{FAE04EC0-301F-11D3-BF4B-00C04F79EFBC}") = "Tests", "Tests\Tests.csproj", "{91B47DDA-1FDD-4E07-9003-7546E825F563}"
EndProject
Global
	GlobalSection(SolutionConfigurationPlatforms) = preSolution
		Debug|Any CPU = Debug|Any CPU
		Release|Any CPU = Release|Any CPU
	EndGlobalSection
	GlobalSection(ProjectConfigurationPlatforms) = postSolution
		{4EFE52EB-0C7C-4662-ACD8-4C610C08EA14}.Debug|Any CPU.ActiveCfg = Debug|Any CPU
		{4EFE52EB-0C7C-4662-ACD8-4C610C08EA14}.Debug|Any CPU.Build.0 = Debug|Any CPU
		{4EFE52EB-0C7C-4662-ACD8-4C610C08EA14}.Release|Any CPU.ActiveCfg = Release|Any CPU
		{4EFE52EB-0C7C-4662-ACD8-4C610C08EA14}.Release|Any CPU.Build.0 = Release|Any CPU
		{91B47DDA-1FDD-4E07-9003-7546E825F563}.Debug|Any CPU.ActiveCfg = Debug|Any CPU
		{91B47DDA-1FDD-4E07-9003-7546E825F563}.Debug|Any CPU.Build.0 = Debug|Any CPU
		{91B47DDA-1FDD-4E07-9003-7546E825F563}.Release|Any CPU.ActiveCfg = Release|Any CPU
		{91B47DDA-1FDD-4E07-9003-7546E825F563}.Release|Any CPU.Build.0 = Release|Any CPU
	EndGlobalSection
	GlobalSection(SolutionProperties) = preSolution
		HideSolutionNode = FALSE
	EndGlobalSection
	GlobalSection(ExtensibilityGlobals) = postSolution
		SolutionGuid = {6770911E-63D8-4B7C-9C84-848A0495FB61}
	EndGlobalSection
EndGlobal
